
Microsoft Visual Studio Solution File, Format Version 12.00
# Visual Studio Version 17
VisualStudioVersion = 17.4.33205.214
MinimumVisualStudioVersion = 10.0.40219.1
Project("{FAE04EC0-301F-11D3-BF4B-00C04F79EFBC}") = "LINQ-tutorial-faro-shuffle", "LINQ-tutorial-faro-shuffle.csproj", "{87159EBA-0E9C-437F-B140-D89272376D53}"
EndProject
Global
	GlobalSection(SolutionConfigurationPlatforms) = preSolution
		Debug|Any CPU = Debug|Any CPU
		Release|Any CPU = Release|Any CPU
	EndGlobalSection
	GlobalSection(ProjectConfigurationPlatforms) = postSolution
		{87159EBA-0E9C-437F-B140-D89272376D53}.Debug|Any CPU.ActiveCfg = Debug|Any CPU
		{87159EBA-0E9C-437F-B140-D89272376D53}.Debug|Any CPU.Build.0 = Debug|Any CPU
		{87159EBA-0E9C-437F-B140-D89272376D53}.Release|Any CPU.ActiveCfg = Release|Any CPU
		{87159EBA-0E9C-437F-B140-D89272376D53}.Release|Any CPU.Build.0 = Release|Any CPU
	EndGlobalSection
	GlobalSection(SolutionProperties) = preSolution
		HideSolutionNode = FALSE
	EndGlobalSection
	GlobalSection(ExtensibilityGlobals) = postSolution
		SolutionGuid = {5EFF3DC7-EBBC-48EF-8BA2-62AFC037CD65}
	EndGlobalSection
EndGlobal
